// !$*UTF8*$!
{
	archiveVersion = 1;
	classes = {};
	objectVersion = 60;
	objects = {

/* Begin PBXBuildFile section */
		3BA32538096436685D070FB6 /* TeleprompterApp.swift in Sources */ = {isa = PBXBuildFile; fileRef = A0EAEC67014EC03BDED98C26 /* TeleprompterApp.swift */; };
		CDF72D9AAB388890790EB41A /* Theme.swift in Sources */ = {isa = PBXBuildFile; fileRef = B244C6C89B4B1659462723AE /* Theme.swift */; };
		73920E94708388C983211D1C /* AutoScrollingTextView.swift in Sources */ = {isa = PBXBuildFile; fileRef = 0B51A6BD3241580F08E45879 /* AutoScrollingTextView.swift */; };
		72DDCBEEE5DB8AB2BFB79569 /* Script.swift in Sources */ = {isa = PBXBuildFile; fileRef = 81CDCA56E84E329372D25428 /* Script.swift */; };
		2B5C9F97C4CFC096F3AABB75 /* ScriptStore.swift in Sources */ = {isa = PBXBuildFile; fileRef = 83EE1AB73FA9EAEC45FA2720 /* ScriptStore.swift */; };
		E74D7E2597299F54CAC14E3C /* PurchaseManager.swift in Sources */ = {isa = PBXBuildFile; fileRef = 1605DFFC8CF85B2F7BCF9BEA /* PurchaseManager.swift */; };
		A29A0B8CF80BFBF32E6F89FF /* CameraManager.swift in Sources */ = {isa = PBXBuildFile; fileRef = 84E6094AE633683D99C3B172 /* CameraManager.swift */; };
		660174956340BEA9958B8EEE /* OnboardingView.swift in Sources */ = {isa = PBXBuildFile; fileRef = C7655349DDD3BEE5EB2C1685 /* OnboardingView.swift */; };
		9194B0479A92186C8DFFDEFE /* PaywallView.swift in Sources */ = {isa = PBXBuildFile; fileRef = 53F2DE1E16DC3233A2FBAD4D /* PaywallView.swift */; };
		B36537D0ECF7D9AF7F2B5A46 /* HomeView.swift in Sources */ = {isa = PBXBuildFile; fileRef = 3DB96C0B6BF96036D3FD34C4 /* HomeView.swift */; };
		AAF0D3D8EBF02EC68916D0AD /* ScriptEditorView.swift in Sources */ = {isa = PBXBuildFile; fileRef = ECC2897EC9CFC8E7F2724657 /* ScriptEditorView.swift */; };
		219D2901B5026360840BEEE2 /* TeleprompterView.swift in Sources */ = {isa = PBXBuildFile; fileRef = 2975345FFDD24379F6199EE5 /* TeleprompterView.swift */; };
		8CE37850C6A1D25FF3E108D3 /* MineView.swift in Sources */ = {isa = PBXBuildFile; fileRef = BCCCFD51780375DAFB9E4607 /* MineView.swift */; };
		45F74CFCB81A9B42B22864C7 /* Assets.xcassets in Resources */ = {isa = PBXBuildFile; fileRef = DEB60649A62E8C4D498B1020 /* Assets.xcassets */; };
		D1A1B1C1D1E1F10111213141 /* DocumentImportService.swift in Sources */ = {isa = PBXBuildFile; fileRef = E1A1B1C1D1E1F10111213141 /* DocumentImportService.swift */; };
		D2A2B2C2D2E2F20212223242 /* AIPolishService.swift in Sources */ = {isa = PBXBuildFile; fileRef = E2A2B2C2D2E2F20212223242 /* AIPolishService.swift */; };
		D3A3B3C3D3E3F30313233343 /* SystemShareSheet.swift in Sources */ = {isa = PBXBuildFile; fileRef = E3A3B3C3D3E3F30313233343 /* SystemShareSheet.swift */; };
		D4A4B4C4D4E4F40414243444 /* AppAnalytics.swift in Sources */ = {isa = PBXBuildFile; fileRef = E4A4B4C4D4E4F40414243444 /* AppAnalytics.swift */; };
		B10000000000000000000001 /* RootTabView.swift in Sources */ = {isa = PBXBuildFile; fileRef = A10000000000000000000001 /* RootTabView.swift */; };
		B20000000000000000000001 /* Recording.swift in Sources */ = {isa = PBXBuildFile; fileRef = A20000000000000000000001 /* Recording.swift */; };
		B30000000000000000000001 /* RecordingStore.swift in Sources */ = {isa = PBXBuildFile; fileRef = A30000000000000000000001 /* RecordingStore.swift */; };
		B40000000000000000000001 /* VideosView.swift in Sources */ = {isa = PBXBuildFile; fileRef = A40000000000000000000001 /* VideosView.swift */; };
/* End PBXBuildFile section */

/* Begin PBXFileReference section */
		A0EAEC67014EC03BDED98C26 /* TeleprompterApp.swift */ = {isa = PBXFileReference; lastKnownFileType = sourcecode.swift; path = Teleprompter/TeleprompterApp.swift; sourceTree = "<group>"; };
		B244C6C89B4B1659462723AE /* Theme.swift */ = {isa = PBXFileReference; lastKnownFileType = sourcecode.swift; path = Teleprompter/Components/Theme.swift; sourceTree = "<group>"; };
		0B51A6BD3241580F08E45879 /* AutoScrollingTextView.swift */ = {isa = PBXFileReference; lastKnownFileType = sourcecode.swift; path = Teleprompter/Components/AutoScrollingTextView.swift; sourceTree = "<group>"; };
		81CDCA56E84E329372D25428 /* Script.swift */ = {isa = PBXFileReference; lastKnownFileType = sourcecode.swift; path = Teleprompter/Models/Script.swift; sourceTree = "<group>"; };
		83EE1AB73FA9EAEC45FA2720 /* ScriptStore.swift */ = {isa = PBXFileReference; lastKnownFileType = sourcecode.swift; path = Teleprompter/Stores/ScriptStore.swift; sourceTree = "<group>"; };
		1605DFFC8CF85B2F7BCF9BEA /* PurchaseManager.swift */ = {isa = PBXFileReference; lastKnownFileType = sourcecode.swift; path = Teleprompter/Services/PurchaseManager.swift; sourceTree = "<group>"; };
		84E6094AE633683D99C3B172 /* CameraManager.swift */ = {isa = PBXFileReference; lastKnownFileType = sourcecode.swift; path = Teleprompter/Services/CameraManager.swift; sourceTree = "<group>"; };
		C7655349DDD3BEE5EB2C1685 /* OnboardingView.swift */ = {isa = PBXFileReference; lastKnownFileType = sourcecode.swift; path = Teleprompter/Views/Onboarding/OnboardingView.swift; sourceTree = "<group>"; };
		53F2DE1E16DC3233A2FBAD4D /* PaywallView.swift */ = {isa = PBXFileReference; lastKnownFileType = sourcecode.swift; path = Teleprompter/Views/Paywall/PaywallView.swift; sourceTree = "<group>"; };
		3DB96C0B6BF96036D3FD34C4 /* HomeView.swift */ = {isa = PBXFileReference; lastKnownFileType = sourcecode.swift; path = Teleprompter/Views/Home/HomeView.swift; sourceTree = "<group>"; };
		ECC2897EC9CFC8E7F2724657 /* ScriptEditorView.swift */ = {isa = PBXFileReference; lastKnownFileType = sourcecode.swift; path = Teleprompter/Views/Editor/ScriptEditorView.swift; sourceTree = "<group>"; };
		2975345FFDD24379F6199EE5 /* TeleprompterView.swift */ = {isa = PBXFileReference; lastKnownFileType = sourcecode.swift; path = Teleprompter/Views/Prompt/TeleprompterView.swift; sourceTree = "<group>"; };
		BCCCFD51780375DAFB9E4607 /* MineView.swift */ = {isa = PBXFileReference; lastKnownFileType = sourcecode.swift; path = Teleprompter/Views/Mine/MineView.swift; sourceTree = "<group>"; };
		DEB60649A62E8C4D498B1020 /* Assets.xcassets */ = {isa = PBXFileReference; lastKnownFileType = folder.assetcatalog; path = Teleprompter/Resources/Assets.xcassets; sourceTree = "<group>"; };
		D0FC94D376F2E41E38595D62 /* Info.plist */ = {isa = PBXFileReference; lastKnownFileType = text.plist.xml; path = Teleprompter/Info.plist; sourceTree = "<group>"; };
		38A007151ABE87CC01A5B6E9 /* Teleprompter.app */ = {isa = PBXFileReference; explicitFileType = wrapper.application; includeInIndex = 0; path = Teleprompter.app; sourceTree = BUILT_PRODUCTS_DIR; };
		E1A1B1C1D1E1F10111213141 /* DocumentImportService.swift */ = {isa = PBXFileReference; lastKnownFileType = sourcecode.swift; path = Teleprompter/Services/DocumentImportService.swift; sourceTree = "<group>"; };
		E2A2B2C2D2E2F20212223242 /* AIPolishService.swift */ = {isa = PBXFileReference; lastKnownFileType = sourcecode.swift; path = Teleprompter/Services/AIPolishService.swift; sourceTree = "<group>"; };
		E3A3B3C3D3E3F30313233343 /* SystemShareSheet.swift */ = {isa = PBXFileReference; lastKnownFileType = sourcecode.swift; path = Teleprompter/Components/SystemShareSheet.swift; sourceTree = "<group>"; };
		E4A4B4C4D4E4F40414243444 /* AppAnalytics.swift */ = {isa = PBXFileReference; lastKnownFileType = sourcecode.swift; path = Teleprompter/Services/AppAnalytics.swift; sourceTree = "<group>"; };
		A10000000000000000000001 /* RootTabView.swift */ = {isa = PBXFileReference; lastKnownFileType = sourcecode.swift; path = Teleprompter/Views/Root/RootTabView.swift; sourceTree = "<group>"; };
		A20000000000000000000001 /* Recording.swift */ = {isa = PBXFileReference; lastKnownFileType = sourcecode.swift; path = Teleprompter/Models/Recording.swift; sourceTree = "<group>"; };
		A30000000000000000000001 /* RecordingStore.swift */ = {isa = PBXFileReference; lastKnownFileType = sourcecode.swift; path = Teleprompter/Stores/RecordingStore.swift; sourceTree = "<group>"; };
		A40000000000000000000001 /* VideosView.swift */ = {isa = PBXFileReference; lastKnownFileType = sourcecode.swift; path = Teleprompter/Views/Videos/VideosView.swift; sourceTree = "<group>"; };
/* End PBXFileReference section */

/* Begin PBXFrameworksBuildPhase section */
		7B8633C7EB6F5CB13673C25D /* Frameworks */ = {
			isa = PBXFrameworksBuildPhase;
			buildActionMask = 2147483647;
			files = (
			);
			runOnlyForDeploymentPostprocessing = 0;
		};
/* End PBXFrameworksBuildPhase section */

/* Begin PBXGroup section */
		6CFC827E67DCAE34C72B9CED = {
			isa = PBXGroup;
			children = (
				A0EAEC67014EC03BDED98C26 /* TeleprompterApp.swift */,
				A10000000000000000000001 /* RootTabView.swift */,
				A20000000000000000000001 /* Recording.swift */,
				A30000000000000000000001 /* RecordingStore.swift */,
				A40000000000000000000001 /* VideosView.swift */,
				B244C6C89B4B1659462723AE /* Theme.swift */,
				0B51A6BD3241580F08E45879 /* AutoScrollingTextView.swift */,
				81CDCA56E84E329372D25428 /* Script.swift */,
				83EE1AB73FA9EAEC45FA2720 /* ScriptStore.swift */,
				1605DFFC8CF85B2F7BCF9BEA /* PurchaseManager.swift */,
				84E6094AE633683D99C3B172 /* CameraManager.swift */,
				C7655349DDD3BEE5EB2C1685 /* OnboardingView.swift */,
				53F2DE1E16DC3233A2FBAD4D /* PaywallView.swift */,
				3DB96C0B6BF96036D3FD34C4 /* HomeView.swift */,
				ECC2897EC9CFC8E7F2724657 /* ScriptEditorView.swift */,
				2975345FFDD24379F6199EE5 /* TeleprompterView.swift */,
				BCCCFD51780375DAFB9E4607 /* MineView.swift */,
				E1A1B1C1D1E1F10111213141 /* DocumentImportService.swift */,
				E2A2B2C2D2E2F20212223242 /* AIPolishService.swift */,
				E3A3B3C3D3E3F30313233343 /* SystemShareSheet.swift */,
				E4A4B4C4D4E4F40414243444 /* AppAnalytics.swift */,
				DEB60649A62E8C4D498B1020 /* Assets.xcassets */,
				D0FC94D376F2E41E38595D62 /* Info.plist */,
				021F2B7F3E0C61452C987484 /* Products */,
			);
			sourceTree = "<group>";
		};
		021F2B7F3E0C61452C987484 /* Products */ = {
			isa = PBXGroup;
			children = (
				38A007151ABE87CC01A5B6E9 /* Teleprompter.app */,
			);
			name = Products;
			sourceTree = "<group>";
		};
/* End PBXGroup section */

/* Begin PBXNativeTarget section */
		0E8A3AD980EC179856012B7E /* Teleprompter */ = {
			isa = PBXNativeTarget;
			buildConfigurationList = E631DC8803DAA0784D7E8DD2 /* Build configuration list for PBXNativeTarget "Teleprompter" */;
			buildPhases = (
				E4F78730D65EE9F55E2BAC2F /* Sources */,
				7B8633C7EB6F5CB13673C25D /* Frameworks */,
				C52ABA055DA4D0050382EB56 /* Resources */,
			);
			buildRules = (
			);
			dependencies = (
			);
			name = Teleprompter;
			productName = Teleprompter;
			productReference = 38A007151ABE87CC01A5B6E9 /* Teleprompter.app */;
			productType = "com.apple.product-type.application";
		};
/* End PBXNativeTarget section */

/* Begin PBXProject section */
		98F54143AB4E86B28C3AFEE0 /* Project object */ = {
			isa = PBXProject;
			attributes = {
				BuildIndependentTargetsInParallel = 1;
				LastSwiftUpdateCheck = 1600;
				LastUpgradeCheck = 1600;
				TargetAttributes = {
					0E8A3AD980EC179856012B7E = {
						CreatedOnToolsVersion = 16.0;
					};
				};
			};
			buildConfigurationList = 45DEA8368E74E8D36B2EC1B0 /* Build configuration list for PBXProject "Teleprompter" */;
			compatibilityVersion = "Xcode 15.0";
			developmentRegion = en;
			hasScannedForEncodings = 0;
			knownRegions = (
				en,
				Base,
			);
			mainGroup = 6CFC827E67DCAE34C72B9CED;
			productRefGroup = 021F2B7F3E0C61452C987484 /* Products */;
			projectDirPath = "";
			projectRoot = "";
			targets = (
				0E8A3AD980EC179856012B7E /* Teleprompter */,
			);
		};
/* End PBXProject section */

/* Begin PBXResourcesBuildPhase section */
		C52ABA055DA4D0050382EB56 /* Resources */ = {
			isa = PBXResourcesBuildPhase;
			buildActionMask = 2147483647;
			files = (
				45F74CFCB81A9B42B22864C7 /* Assets.xcassets in Resources */,
			);
			runOnlyForDeploymentPostprocessing = 0;
		};
/* End PBXResourcesBuildPhase section */

/* Begin PBXSourcesBuildPhase section */
		E4F78730D65EE9F55E2BAC2F /* Sources */ = {
			isa = PBXSourcesBuildPhase;
			buildActionMask = 2147483647;
			files = (
				3BA32538096436685D070FB6 /* TeleprompterApp.swift in Sources */,
				B10000000000000000000001 /* RootTabView.swift in Sources */,
				B20000000000000000000001 /* Recording.swift in Sources */,
				B30000000000000000000001 /* RecordingStore.swift in Sources */,
				B40000000000000000000001 /* VideosView.swift in Sources */,
				CDF72D9AAB388890790EB41A /* Theme.swift in Sources */,
				73920E94708388C983211D1C /* AutoScrollingTextView.swift in Sources */,
				72DDCBEEE5DB8AB2BFB79569 /* Script.swift in Sources */,
				2B5C9F97C4CFC096F3AABB75 /* ScriptStore.swift in Sources */,
				E74D7E2597299F54CAC14E3C /* PurchaseManager.swift in Sources */,
				A29A0B8CF80BFBF32E6F89FF /* CameraManager.swift in Sources */,
				660174956340BEA9958B8EEE /* OnboardingView.swift in Sources */,
				9194B0479A92186C8DFFDEFE /* PaywallView.swift in Sources */,
				B36537D0ECF7D9AF7F2B5A46 /* HomeView.swift in Sources */,
				AAF0D3D8EBF02EC68916D0AD /* ScriptEditorView.swift in Sources */,
				219D2901B5026360840BEEE2 /* TeleprompterView.swift in Sources */,
				D1A1B1C1D1E1F10111213141 /* DocumentImportService.swift in Sources */,
				D2A2B2C2D2E2F20212223242 /* AIPolishService.swift in Sources */,
				D3A3B3C3D3E3F30313233343 /* SystemShareSheet.swift in Sources */,
				D4A4B4C4D4E4F40414243444 /* AppAnalytics.swift in Sources */,
				8CE37850C6A1D25FF3E108D3 /* MineView.swift in Sources */,
			);
			runOnlyForDeploymentPostprocessing = 0;
		};
/* End PBXSourcesBuildPhase section */

/* Begin XCBuildConfiguration section */
		5E8ACABCCBE1DB5D311988C9 /* Debug */ = {
			isa = XCBuildConfiguration;
			buildSettings = {
				ALWAYS_SEARCH_USER_PATHS = NO;
				CLANG_ENABLE_MODULES = YES;
				CLANG_ENABLE_OBJC_ARC = YES;
				CLANG_WARN_BOOL_CONVERSION = YES;
				CLANG_WARN_COMMA = YES;
				CLANG_WARN_CONSTANT_CONVERSION = YES;
				CLANG_WARN_DEPRECATED_OBJC_IMPLEMENTATIONS = YES;
				CLANG_WARN_DIRECT_OBJC_ISA_USAGE = YES_ERROR;
				CLANG_WARN_EMPTY_BODY = YES;
				CLANG_WARN_ENUM_CONVERSION = YES;
				CLANG_WARN_INFINITE_RECURSION = YES;
				CLANG_WARN_INT_CONVERSION = YES;
				CLANG_WARN_NON_LITERAL_NULL_CONVERSION = YES;
				CLANG_WARN_OBJC_IMPLICIT_RETAIN_SELF = YES;
				CLANG_WARN_OBJC_LITERAL_CONVERSION = YES;
				CLANG_WARN_OBJC_ROOT_CLASS = YES_ERROR;
				CLANG_WARN_QUOTED_INCLUDE_IN_FRAMEWORK_HEADER = YES;
				CLANG_WARN_RANGE_LOOP_ANALYSIS = YES;
				CLANG_WARN_STRICT_PROTOTYPES = YES;
				CLANG_WARN_SUSPICIOUS_MOVE = YES;
				CLANG_WARN_UNGUARDED_AVAILABILITY = YES_AGGRESSIVE;
				CLANG_WARN_UNREACHABLE_CODE = YES;
				CLANG_WARN__DUPLICATE_METHOD_MATCH = YES;
				COPY_PHASE_STRIP = NO;
				ENABLE_STRICT_OBJC_MSGSEND = YES;
				GCC_C_LANGUAGE_STANDARD = gnu17;
				GCC_NO_COMMON_BLOCKS = YES;
				GCC_WARN_64_TO_32_BIT_CONVERSION = YES;
				GCC_WARN_ABOUT_RETURN_TYPE = YES_ERROR;
				GCC_WARN_UNDECLARED_SELECTOR = YES;
				GCC_WARN_UNINITIALIZED_AUTOS = YES_AGGRESSIVE;
				GCC_WARN_UNUSED_FUNCTION = YES;
				GCC_WARN_UNUSED_VARIABLE = YES;
				IPHONEOS_DEPLOYMENT_TARGET = 26.0;
				SDKROOT = iphoneos;
			};
			name = Debug;
		};
		F84FD35CA8548076F2B51EDF /* Release */ = {
			isa = XCBuildConfiguration;
			buildSettings = {
				ALWAYS_SEARCH_USER_PATHS = NO;
				CLANG_ENABLE_MODULES = YES;
				CLANG_ENABLE_OBJC_ARC = YES;
				CLANG_WARN_BOOL_CONVERSION = YES;
				CLANG_WARN_COMMA = YES;
				CLANG_WARN_CONSTANT_CONVERSION = YES;
				CLANG_WARN_DEPRECATED_OBJC_IMPLEMENTATIONS = YES;
				CLANG_WARN_DIRECT_OBJC_ISA_USAGE = YES_ERROR;
				CLANG_WARN_EMPTY_BODY = YES;
				CLANG_WARN_ENUM_CONVERSION = YES;
				CLANG_WARN_INFINITE_RECURSION = YES;
				CLANG_WARN_INT_CONVERSION = YES;
				CLANG_WARN_NON_LITERAL_NULL_CONVERSION = YES;
				CLANG_WARN_OBJC_IMPLICIT_RETAIN_SELF = YES;
				CLANG_WARN_OBJC_LITERAL_CONVERSION = YES;
				CLANG_WARN_OBJC_ROOT_CLASS = YES_ERROR;
				CLANG_WARN_QUOTED_INCLUDE_IN_FRAMEWORK_HEADER = YES;
				CLANG_WARN_RANGE_LOOP_ANALYSIS = YES;
				CLANG_WARN_STRICT_PROTOTYPES = YES;
				CLANG_WARN_SUSPICIOUS_MOVE = YES;
				CLANG_WARN_UNGUARDED_AVAILABILITY = YES_AGGRESSIVE;
				CLANG_WARN_UNREACHABLE_CODE = YES;
				CLANG_WARN__DUPLICATE_METHOD_MATCH = YES;
				COPY_PHASE_STRIP = NO;
				ENABLE_STRICT_OBJC_MSGSEND = YES;
				GCC_C_LANGUAGE_STANDARD = gnu17;
				GCC_NO_COMMON_BLOCKS = YES;
				GCC_WARN_64_TO_32_BIT_CONVERSION = YES;
				GCC_WARN_ABOUT_RETURN_TYPE = YES_ERROR;
				GCC_WARN_UNDECLARED_SELECTOR = YES;
				GCC_WARN_UNINITIALIZED_AUTOS = YES_AGGRESSIVE;
				GCC_WARN_UNUSED_FUNCTION = YES;
				GCC_WARN_UNUSED_VARIABLE = YES;
				IPHONEOS_DEPLOYMENT_TARGET = 26.0;
				SDKROOT = iphoneos;
			};
			name = Release;
		};
		96F032C02E8A3FC1B0365FA6 /* Debug */ = {
			isa = XCBuildConfiguration;
			buildSettings = {
				ASSETCATALOG_COMPILER_ACCENT_COLOR_NAME = AccentColor;
				ASSETCATALOG_COMPILER_APPICON_NAME = AppIcon;
				CODE_SIGN_STYLE = Automatic;
				CURRENT_PROJECT_VERSION = 1;
				DEBUG_INFORMATION_FORMAT = dwarf;
				ENABLE_TESTABILITY = YES;
				GCC_OPTIMIZATION_LEVEL = 0;
				ONLY_ACTIVE_ARCH = YES;
				SWIFT_ACTIVE_COMPILATION_CONDITIONS = DEBUG;
				SWIFT_OPTIMIZATION_LEVEL = "-Onone";
				GENERATE_INFOPLIST_FILE = NO;
				INFOPLIST_FILE = Teleprompter/Info.plist;
				IPHONEOS_DEPLOYMENT_TARGET = 26.0;
				LD_RUNPATH_SEARCH_PATHS = (
					"$(inherited)",
					"@executable_path/Frameworks",
				);
				MARKETING_VERSION = 1.0;
				PRODUCT_BUNDLE_IDENTIFIER = com.example.teleprompter;
				PRODUCT_NAME = "$(TARGET_NAME)";
				SUPPORTED_PLATFORMS = "iphoneos iphonesimulator";
				SUPPORTS_MACCATALYST = NO;
				SWIFT_EMIT_LOC_STRINGS = YES;
				SWIFT_STRICT_CONCURRENCY = minimal;
				SWIFT_VERSION = 5.0;
				TARGETED_DEVICE_FAMILY = "1,2";
			};
			name = Debug;
		};
		5BDD486E465E20A146951F86 /* Release */ = {
			isa = XCBuildConfiguration;
			buildSettings = {
				ASSETCATALOG_COMPILER_ACCENT_COLOR_NAME = AccentColor;
				ASSETCATALOG_COMPILER_APPICON_NAME = AppIcon;
				CODE_SIGN_STYLE = Automatic;
				CURRENT_PROJECT_VERSION = 1;
				DEBUG_INFORMATION_FORMAT = "dwarf-with-dsym";
				SWIFT_COMPILATION_MODE = wholemodule;
				GENERATE_INFOPLIST_FILE = NO;
				INFOPLIST_FILE = Teleprompter/Info.plist;
				IPHONEOS_DEPLOYMENT_TARGET = 26.0;
				LD_RUNPATH_SEARCH_PATHS = (
					"$(inherited)",
					"@executable_path/Frameworks",
				);
				MARKETING_VERSION = 1.0;
				PRODUCT_BUNDLE_IDENTIFIER = com.example.teleprompter;
				PRODUCT_NAME = "$(TARGET_NAME)";
				SUPPORTED_PLATFORMS = "iphoneos iphonesimulator";
				SUPPORTS_MACCATALYST = NO;
				SWIFT_EMIT_LOC_STRINGS = YES;
				SWIFT_STRICT_CONCURRENCY = minimal;
				SWIFT_VERSION = 5.0;
				TARGETED_DEVICE_FAMILY = "1,2";
			};
			name = Release;
		};
/* End XCBuildConfiguration section */

/* Begin XCConfigurationList section */
		45DEA8368E74E8D36B2EC1B0 /* Build configuration list for PBXProject "Teleprompter" */ = {
			isa = XCConfigurationList;
			buildConfigurations = (
				5E8ACABCCBE1DB5D311988C9 /* Debug */,
				F84FD35CA8548076F2B51EDF /* Release */,
			);
			defaultConfigurationIsVisible = 0;
			defaultConfigurationName = Release;
		};
		E631DC8803DAA0784D7E8DD2 /* Build configuration list for PBXNativeTarget "Teleprompter" */ = {
			isa = XCConfigurationList;
			buildConfigurations = (
				96F032C02E8A3FC1B0365FA6 /* Debug */,
				5BDD486E465E20A146951F86 /* Release */,
			);
			defaultConfigurationIsVisible = 0;
			defaultConfigurationName = Release;
		};
/* End XCConfigurationList section */

	};
	rootObject = 98F54143AB4E86B28C3AFEE0 /* Project object */;
}